
Microsoft Visual Studio Solution File, Format Version 12.00
# Visual Studio Version 17
VisualStudioVersion = 17.9.34723.18
MinimumVisualStudioVersion = 10.0.40219.1
Project("{2150E333-8FDC-42A3-9474-1A3956D46DE8}") = "Core", "Core", "{54B31C7D-53B8-4F2B-B87B-CDE168A99D15}"
EndProject
Project("{2150E333-8FDC-42A3-9474-1A3956D46DE8}") = "Infrastructure", "Infrastructure", "{D5DAD9B7-74B2-4293-ADD0-2779BF056784}"
EndProject
Project("{FAE04EC0-301F-11D3-BF4B-00C04F79EFBC}") = "Framework.Domain", "Core\Framework.Domain\Framework.Domain.csproj", "{1812C9B2-18CA-49EC-9AAA-52CE4FD33C8B}"
EndProject
Project("{FAE04EC0-301F-11D3-BF4B-00C04F79EFBC}") = "Framework.Application", "Core\Framework.Application\Framework.Application.csproj", "{992696B5-30FC-47BA-B17D-88DC8A6590C2}"
EndProject
Project("{FAE04EC0-301F-11D3-BF4B-00C04F79EFBC}") = "Framework.Infrastructure", "Infrastructure\Framework.Infrastructure\Framework.Infrastructure.csproj", "{0B9852D5-6A1B-4275-8DDF-B17DBACB5D4D}"
EndProject
Project("{FAE04EC0-301F-11D3-BF4B-00C04F79EFBC}") = "Framework.Persistence", "Infrastructure\Framework.Persistence\Framework.Persistence.csproj", "{6725D7F6-2D99-4C9E-8FAC-1549B1F3ACE9}"
EndProject
Global
	GlobalSection(SolutionConfigurationPlatforms) = preSolution
		Debug|Any CPU = Debug|Any CPU
		Release|Any CPU = Release|Any CPU
	EndGlobalSection
	GlobalSection(ProjectConfigurationPlatforms) = postSolution
		{1812C9B2-18CA-49EC-9AAA-52CE4FD33C8B}.Debug|Any CPU.ActiveCfg = Debug|Any CPU
		{1812C9B2-18CA-49EC-9AAA-52CE4FD33C8B}.Debug|Any CPU.Build.0 = Debug|Any CPU
		{1812C9B2-18CA-49EC-9AAA-52CE4FD33C8B}.Release|Any CPU.ActiveCfg = Release|Any CPU
		{1812C9B2-18CA-49EC-9AAA-52CE4FD33C8B}.Release|Any CPU.Build.0 = Release|Any CPU
		{992696B5-30FC-47BA-B17D-88DC8A6590C2}.Debug|Any CPU.ActiveCfg = Debug|Any CPU
		{992696B5-30FC-47BA-B17D-88DC8A6590C2}.Debug|Any CPU.Build.0 = Debug|Any CPU
		{992696B5-30FC-47BA-B17D-88DC8A6590C2}.Release|Any CPU.ActiveCfg = Release|Any CPU
		{992696B5-30FC-47BA-B17D-88DC8A6590C2}.Release|Any CPU.Build.0 = Release|Any CPU
		{0B9852D5-6A1B-4275-8DDF-B17DBACB5D4D}.Debug|Any CPU.ActiveCfg = Debug|Any CPU
		{0B9852D5-6A1B-4275-8DDF-B17DBACB5D4D}.Debug|Any CPU.Build.0 = Debug|Any CPU
		{0B9852D5-6A1B-4275-8DDF-B17DBACB5D4D}.Release|Any CPU.ActiveCfg = Release|Any CPU
		{0B9852D5-6A1B-4275-8DDF-B17DBACB5D4D}.Release|Any CPU.Build.0 = Release|Any CPU
		{6725D7F6-2D99-4C9E-8FAC-1549B1F3ACE9}.Debug|Any CPU.ActiveCfg = Debug|Any CPU
		{6725D7F6-2D99-4C9E-8FAC-1549B1F3ACE9}.Debug|Any CPU.Build.0 = Debug|Any CPU
		{6725D7F6-2D99-4C9E-8FAC-1549B1F3ACE9}.Release|Any CPU.ActiveCfg = Release|Any CPU
		{6725D7F6-2D99-4C9E-8FAC-1549B1F3ACE9}.Release|Any CPU.Build.0 = Release|Any CPU
	EndGlobalSection
	GlobalSection(SolutionProperties) = preSolution
		HideSolutionNode = FALSE
	EndGlobalSection
	GlobalSection(NestedProjects) = preSolution
		{1812C9B2-18CA-49EC-9AAA-52CE4FD33C8B} = {54B31C7D-53B8-4F2B-B87B-CDE168A99D15}
		{992696B5-30FC-47BA-B17D-88DC8A6590C2} = {54B31C7D-53B8-4F2B-B87B-CDE168A99D15}
		{0B9852D5-6A1B-4275-8DDF-B17DBACB5D4D} = {D5DAD9B7-74B2-4293-ADD0-2779BF056784}
		{6725D7F6-2D99-4C9E-8FAC-1549B1F3ACE9} = {D5DAD9B7-74B2-4293-ADD0-2779BF056784}
	EndGlobalSection
	GlobalSection(ExtensibilityGlobals) = postSolution
		SolutionGuid = {DFA79046-7A6E-436D-8739-217918569490}
	EndGlobalSection
EndGlobal
